
Microsoft Visual Studio Solution File, Format Version 12.00
# Visual Studio Version 17
VisualStudioVersion = 17.3.32929.385
MinimumVisualStudioVersion = 10.0.40219.1
Project("{FAE04EC0-301F-11D3-BF4B-00C04F79EFBC}") = "RinconManabita.UWP", "RinconManabita.UWP\RinconManabita.UWP.csproj", "{FBF9723B-75FE-4DDD-A78C-9A264252DA08}"
EndProject
Project("{FAE04EC0-301F-11D3-BF4B-00C04F79EFBC}") = "RinconManabita.Android", "RinconManabita.Android\RinconManabita.Android.csproj", "{65E4DEE7-2DD8-435E-AF41-B582BB17C073}"
EndProject
Project("{FAE04EC0-301F-11D3-BF4B-00C04F79EFBC}") = "RinconManabita.iOS", "RinconManabita.iOS\RinconManabita.iOS.csproj", "{6372C255-CB01-4504-8506-E3E01E77924D}"
EndProject
Project("{FAE04EC0-301F-11D3-BF4B-00C04F79EFBC}") = "RinconManabita", "RinconManabita\RinconManabita.csproj", "{FC2A86C6-375A-47E4-BE6A-3A24A63E4A3F}"
EndProject
Global
	GlobalSection(SolutionConfigurationPlatforms) = preSolution
		Debug|Any CPU = Debug|Any CPU
		Debug|ARM = Debug|ARM
		Debug|iPhone = Debug|iPhone
		Debug|iPhoneSimulator = Debug|iPhoneSimulator
		Debug|x64 = Debug|x64
		Debug|x86 = Debug|x86
		Release|Any CPU = Release|Any CPU
		Release|ARM = Release|ARM
		Release|iPhone = Release|iPhone
		Release|iPhoneSimulator = Release|iPhoneSimulator
		Release|x64 = Release|x64
		Release|x86 = Release|x86
	EndGlobalSection
	GlobalSection(ProjectConfigurationPlatforms) = postSolution
		{FBF9723B-75FE-4DDD-A78C-9A264252DA08}.Debug|Any CPU.ActiveCfg = Debug|x64
		{FBF9723B-75FE-4DDD-A78C-9A264252DA08}.Debug|ARM.ActiveCfg = Debug|ARM
		{FBF9723B-75FE-4DDD-A78C-9A264252DA08}.Debug|ARM.Build.0 = Debug|ARM
		{FBF9723B-75FE-4DDD-A78C-9A264252DA08}.Debug|ARM.Deploy.0 = Debug|ARM
		{FBF9723B-75FE-4DDD-A78C-9A264252DA08}.Debug|iPhone.ActiveCfg = Debug|x64
		{FBF9723B-75FE-4DDD-A78C-9A264252DA08}.Debug|iPhoneSimulator.ActiveCfg = Debug|x64
		{FBF9723B-75FE-4DDD-A78C-9A264252DA08}.Debug|x64.ActiveCfg = Debug|x64
		{FBF9723B-75FE-4DDD-A78C-9A264252DA08}.Debug|x64.Build.0 = Debug|x64
		{FBF9723B-75FE-4DDD-A78C-9A264252DA08}.Debug|x64.Deploy.0 = Debug|x64
		{FBF9723B-75FE-4DDD-A78C-9A264252DA08}.Debug|x86.ActiveCfg = Debug|x86
		{FBF9723B-75FE-4DDD-A78C-9A264252DA08}.Debug|x86.Build.0 = Debug|x86
		{FBF9723B-75FE-4DDD-A78C-9A264252DA08}.Debug|x86.Deploy.0 = Debug|x86
		{FBF9723B-75FE-4DDD-A78C-9A264252DA08}.Release|Any CPU.ActiveCfg = Release|x64
		{FBF9723B-75FE-4DDD-A78C-9A264252DA08}.Release|ARM.ActiveCfg = Release|ARM
		{FBF9723B-75FE-4DDD-A78C-9A264252DA08}.Release|ARM.Build.0 = Release|ARM
		{FBF9723B-75FE-4DDD-A78C-9A264252DA08}.Release|ARM.Deploy.0 = Release|ARM
		{FBF9723B-75FE-4DDD-A78C-9A264252DA08}.Release|iPhone.ActiveCfg = Release|x64
		{FBF9723B-75FE-4DDD-A78C-9A264252DA08}.Release|iPhoneSimulator.ActiveCfg = Release|x64
		{FBF9723B-75FE-4DDD-A78C-9A264252DA08}.Release|x64.ActiveCfg = Release|x64
		{FBF9723B-75FE-4DDD-A78C-9A264252DA08}.Release|x64.Build.0 = Release|x64
		{FBF9723B-75FE-4DDD-A78C-9A264252DA08}.Release|x64.Deploy.0 = Release|x64
		{FBF9723B-75FE-4DDD-A78C-9A264252DA08}.Release|x86.ActiveCfg = Release|x86
		{FBF9723B-75FE-4DDD-A78C-9A264252DA08}.Release|x86.Build.0 = Release|x86
		{FBF9723B-75FE-4DDD-A78C-9A264252DA08}.Release|x86.Deploy.0 = Release|x86
		{65E4DEE7-2DD8-435E-AF41-B582BB17C073}.Debug|Any CPU.ActiveCfg = Debug|Any CPU
		{65E4DEE7-2DD8-435E-AF41-B582BB17C073}.Debug|Any CPU.Build.0 = Debug|Any CPU
		{65E4DEE7-2DD8-435E-AF41-B582BB17C073}.Debug|Any CPU.Deploy.0 = Debug|Any CPU
		{65E4DEE7-2DD8-435E-AF41-B582BB17C073}.Debug|ARM.ActiveCfg = Debug|Any CPU
		{65E4DEE7-2DD8-435E-AF41-B582BB17C073}.Debug|ARM.Build.0 = Debug|Any CPU
		{65E4DEE7-2DD8-435E-AF41-B582BB17C073}.Debug|ARM.Deploy.0 = Debug|Any CPU
		{65E4DEE7-2DD8-435E-AF41-B582BB17C073}.Debug|iPhone.ActiveCfg = Debug|Any CPU
		{65E4DEE7-2DD8-435E-AF41-B582BB17C073}.Debug|iPhone.Build.0 = Debug|Any CPU
		{65E4DEE7-2DD8-435E-AF41-B582BB17C073}.Debug|iPhone.Deploy.0 = Debug|Any CPU
		{65E4DEE7-2DD8-435E-AF41-B582BB17C073}.Debug|iPhoneSimulator.ActiveCfg = Debug|Any CPU
		{65E4DEE7-2DD8-435E-AF41-B582BB17C073}.Debug|iPhoneSimulator.Build.0 = Debug|Any CPU
		{65E4DEE7-2DD8-435E-AF41-B582BB17C073}.Debug|iPhoneSimulator.Deploy.0 = Debug|Any CPU
		{65E4DEE7-2DD8-435E-AF41-B582BB17C073}.Debug|x64.ActiveCfg = Debug|Any CPU
		{65E4DEE7-2DD8-435E-AF41-B582BB17C073}.Debug|x64.Build.0 = Debug|Any CPU
		{65E4DEE7-2DD8-435E-AF41-B582BB17C073}.Debug|x64.Deploy.0 = Debug|Any CPU
		{65E4DEE7-2DD8-435E-AF41-B582BB17C073}.Debug|x86.ActiveCfg = Debug|Any CPU
		{65E4DEE7-2DD8-435E-AF41-B582BB17C073}.Debug|x86.Build.0 = Debug|Any CPU
		{65E4DEE7-2DD8-435E-AF41-B582BB17C073}.Debug|x86.Deploy.0 = Debug|Any CPU
		{65E4DEE7-2DD8-435E-AF41-B582BB17C073}.Release|Any CPU.ActiveCfg = Release|Any CPU
		{65E4DEE7-2DD8-435E-AF41-B582BB17C073}.Release|Any CPU.Build.0 = Release|Any CPU
		{65E4DEE7-2DD8-435E-AF41-B582BB17C073}.Release|Any CPU.Deploy.0 = Release|Any CPU
		{65E4DEE7-2DD8-435E-AF41-B582BB17C073}.Release|ARM.ActiveCfg = Release|Any CPU
		{65E4DEE7-2DD8-435E-AF41-B582BB17C073}.Release|ARM.Build.0 = Release|Any CPU
		{65E4DEE7-2DD8-435E-AF41-B582BB17C073}.Release|ARM.Deploy.0 = Release|Any CPU
		{65E4DEE7-2DD8-435E-AF41-B582BB17C073}.Release|iPhone.ActiveCfg = Release|Any CPU
		{65E4DEE7-2DD8-435E-AF41-B582BB17C073}.Release|iPhone.Build.0 = Release|Any CPU
		{65E4DEE7-2DD8-435E-AF41-B582BB17C073}.Release|iPhone.Deploy.0 = Release|Any CPU
		{65E4DEE7-2DD8-435E-AF41-B582BB17C073}.Release|iPhoneSimulator.ActiveCfg = Release|Any CPU
		{65E4DEE7-2DD8-435E-AF41-B582BB17C073}.Release|iPhoneSimulator.Build.0 = Release|Any CPU
		{65E4DEE7-2DD8-435E-AF41-B582BB17C073}.Release|iPhoneSimulator.Deploy.0 = Release|Any CPU
		{65E4DEE7-2DD8-435E-AF41-B582BB17C073}.Release|x64.ActiveCfg = Release|Any CPU
		{65E4DEE7-2DD8-435E-AF41-B582BB17C073}.Release|x64.Build.0 = Release|Any CPU
		{65E4DEE7-2DD8-435E-AF41-B582BB17C073}.Release|x64.Deploy.0 = Release|Any CPU
		{65E4DEE7-2DD8-435E-AF41-B582BB17C073}.Release|x86.ActiveCfg = Release|Any CPU
		{65E4DEE7-2DD8-435E-AF41-B582BB17C073}.Release|x86.Build.0 = Release|Any CPU
		{65E4DEE7-2DD8-435E-AF41-B582BB17C073}.Release|x86.Deploy.0 = Release|Any CPU
		{6372C255-CB01-4504-8506-E3E01E77924D}.Debug|Any CPU.ActiveCfg = Debug|iPhone
		{6372C255-CB01-4504-8506-E3E01E77924D}.Debug|Any CPU.Build.0 = Debug|iPhone
		{6372C255-CB01-4504-8506-E3E01E77924D}.Debug|Any CPU.Deploy.0 = Debug|iPhone
		{6372C255-CB01-4504-8506-E3E01E77924D}.Debug|ARM.ActiveCfg = Debug|iPhoneSimulator
		{6372C255-CB01-4504-8506-E3E01E77924D}.Debug|ARM.Build.0 = Debug|iPhoneSimulator
		{6372C255-CB01-4504-8506-E3E01E77924D}.Debug|ARM.Deploy.0 = Debug|iPhoneSimulator
		{6372C255-CB01-4504-8506-E3E01E77924D}.Debug|iPhone.ActiveCfg = Debug|iPhone
		{6372C255-CB01-4504-8506-E3E01E77924D}.Debug|iPhone.Build.0 = Debug|iPhone
		{6372C255-CB01-4504-8506-E3E01E77924D}.Debug|iPhone.Deploy.0 = Debug|iPhone
		{6372C255-CB01-4504-8506-E3E01E77924D}.Debug|iPhoneSimulator.ActiveCfg = Debug|iPhoneSimulator
		{6372C255-CB01-4504-8506-E3E01E77924D}.Debug|iPhoneSimulator.Build.0 = Debug|iPhoneSimulator
		{6372C255-CB01-4504-8506-E3E01E77924D}.Debug|iPhoneSimulator.Deploy.0 = Debug|iPhoneSimulator
		{6372C255-CB01-4504-8506-E3E01E77924D}.Debug|x64.ActiveCfg = Debug|iPhoneSimulator
		{6372C255-CB01-4504-8506-E3E01E77924D}.Debug|x64.Build.0 = Debug|iPhoneSimulator
		{6372C255-CB01-4504-8506-E3E01E77924D}.Debug|x64.Deploy.0 = Debug|iPhoneSimulator
		{6372C255-CB01-4504-8506-E3E01E77924D}.Debug|x86.ActiveCfg = Debug|iPhoneSimulator
		{6372C255-CB01-4504-8506-E3E01E77924D}.Debug|x86.Build.0 = Debug|iPhoneSimulator
		{6372C255-CB01-4504-8506-E3E01E77924D}.Debug|x86.Deploy.0 = Debug|iPhoneSimulator
		{6372C255-CB01-4504-8506-E3E01E77924D}.Release|Any CPU.ActiveCfg = Release|iPhoneSimulator
		{6372C255-CB01-4504-8506-E3E01E77924D}.Release|Any CPU.Build.0 = Release|iPhoneSimulator
		{6372C255-CB01-4504-8506-E3E01E77924D}.Release|Any CPU.Deploy.0 = Release|iPhoneSimulator
		{6372C255-CB01-4504-8506-E3E01E77924D}.Release|ARM.ActiveCfg = Release|iPhoneSimulator
		{6372C255-CB01-4504-8506-E3E01E77924D}.Release|ARM.Build.0 = Release|iPhoneSimulator
		{6372C255-CB01-4504-8506-E3E01E77924D}.Release|ARM.Deploy.0 = Release|iPhoneSimulator
		{6372C255-CB01-4504-8506-E3E01E77924D}.Release|iPhone.ActiveCfg = Release|iPhone
		{6372C255-CB01-4504-8506-E3E01E77924D}.Release|iPhone.Build.0 = Release|iPhone
		{6372C255-CB01-4504-8506-E3E01E77924D}.Release|iPhone.Deploy.0 = Release|iPhone
		{6372C255-CB01-4504-8506-E3E01E77924D}.Release|iPhoneSimulator.ActiveCfg = Release|iPhoneSimulator
		{6372C255-CB01-4504-8506-E3E01E77924D}.Release|iPhoneSimulator.Build.0 = Release|iPhoneSimulator
		{6372C255-CB01-4504-8506-E3E01E77924D}.Release|iPhoneSimulator.Deploy.0 = Release|iPhoneSimulator
		{6372C255-CB01-4504-8506-E3E01E77924D}.Release|x64.ActiveCfg = Release|iPhoneSimulator
		{6372C255-CB01-4504-8506-E3E01E77924D}.Release|x64.Build.0 = Release|iPhoneSimulator
		{6372C255-CB01-4504-8506-E3E01E77924D}.Release|x64.Deploy.0 = Release|iPhoneSimulator
		{6372C255-CB01-4504-8506-E3E01E77924D}.Release|x86.ActiveCfg = Release|iPhoneSimulator
		{6372C255-CB01-4504-8506-E3E01E77924D}.Release|x86.Build.0 = Release|iPhoneSimulator
		{6372C255-CB01-4504-8506-E3E01E77924D}.Release|x86.Deploy.0 = Release|iPhoneSimulator
		{FC2A86C6-375A-47E4-BE6A-3A24A63E4A3F}.Debug|Any CPU.ActiveCfg = Debug|Any CPU
		{FC2A86C6-375A-47E4-BE6A-3A24A63E4A3F}.Debug|Any CPU.Build.0 = Debug|Any CPU
		{FC2A86C6-375A-47E4-BE6A-3A24A63E4A3F}.Debug|Any CPU.Deploy.0 = Debug|Any CPU
		{FC2A86C6-375A-47E4-BE6A-3A24A63E4A3F}.Debug|ARM.ActiveCfg = Debug|Any CPU
		{FC2A86C6-375A-47E4-BE6A-3A24A63E4A3F}.Debug|ARM.Build.0 = Debug|Any CPU
		{FC2A86C6-375A-47E4-BE6A-3A24A63E4A3F}.Debug|ARM.Deploy.0 = Debug|Any CPU
		{FC2A86C6-375A-47E4-BE6A-3A24A63E4A3F}.Debug|iPhone.ActiveCfg = Debug|Any CPU
		{FC2A86C6-375A-47E4-BE6A-3A24A63E4A3F}.Debug|iPhone.Build.0 = Debug|Any CPU
		{FC2A86C6-375A-47E4-BE6A-3A24A63E4A3F}.Debug|iPhone.Deploy.0 = Debug|Any CPU
		{FC2A86C6-375A-47E4-BE6A-3A24A63E4A3F}.Debug|iPhoneSimulator.ActiveCfg = Debug|Any CPU
		{FC2A86C6-375A-47E4-BE6A-3A24A63E4A3F}.Debug|iPhoneSimulator.Build.0 = Debug|Any CPU
		{FC2A86C6-375A-47E4-BE6A-3A24A63E4A3F}.Debug|iPhoneSimulator.Deploy.0 = Debug|Any CPU
		{FC2A86C6-375A-47E4-BE6A-3A24A63E4A3F}.Debug|x64.ActiveCfg = Debug|Any CPU
		{FC2A86C6-375A-47E4-BE6A-3A24A63E4A3F}.Debug|x64.Build.0 = Debug|Any CPU
		{FC2A86C6-375A-47E4-BE6A-3A24A63E4A3F}.Debug|x64.Deploy.0 = Debug|Any CPU
		{FC2A86C6-375A-47E4-BE6A-3A24A63E4A3F}.Debug|x86.ActiveCfg = Debug|Any CPU
		{FC2A86C6-375A-47E4-BE6A-3A24A63E4A3F}.Debug|x86.Build.0 = Debug|Any CPU
		{FC2A86C6-375A-47E4-BE6A-3A24A63E4A3F}.Debug|x86.Deploy.0 = Debug|Any CPU
		{FC2A86C6-375A-47E4-BE6A-3A24A63E4A3F}.Release|Any CPU.ActiveCfg = Release|Any CPU
		{FC2A86C6-375A-47E4-BE6A-3A24A63E4A3F}.Release|Any CPU.Build.0 = Release|Any CPU
		{FC2A86C6-375A-47E4-BE6A-3A24A63E4A3F}.Release|Any CPU.Deploy.0 = Release|Any CPU
		{FC2A86C6-375A-47E4-BE6A-3A24A63E4A3F}.Release|ARM.ActiveCfg = Release|Any CPU
		{FC2A86C6-375A-47E4-BE6A-3A24A63E4A3F}.Release|ARM.Build.0 = Release|Any CPU
		{FC2A86C6-375A-47E4-BE6A-3A24A63E4A3F}.Release|ARM.Deploy.0 = Release|Any CPU
		{FC2A86C6-375A-47E4-BE6A-3A24A63E4A3F}.Release|iPhone.ActiveCfg = Release|Any CPU
		{FC2A86C6-375A-47E4-BE6A-3A24A63E4A3F}.Release|iPhone.Build.0 = Release|Any CPU
		{FC2A86C6-375A-47E4-BE6A-3A24A63E4A3F}.Release|iPhone.Deploy.0 = Release|Any CPU
		{FC2A86C6-375A-47E4-BE6A-3A24A63E4A3F}.Release|iPhoneSimulator.ActiveCfg = Release|Any CPU
		{FC2A86C6-375A-47E4-BE6A-3A24A63E4A3F}.Release|iPhoneSimulator.Build.0 = Release|Any CPU
		{FC2A86C6-375A-47E4-BE6A-3A24A63E4A3F}.Release|iPhoneSimulator.Deploy.0 = Release|Any CPU
		{FC2A86C6-375A-47E4-BE6A-3A24A63E4A3F}.Release|x64.ActiveCfg = Release|Any CPU
		{FC2A86C6-375A-47E4-BE6A-3A24A63E4A3F}.Release|x64.Build.0 = Release|Any CPU
		{FC2A86C6-375A-47E4-BE6A-3A24A63E4A3F}.Release|x64.Deploy.0 = Release|Any CPU
		{FC2A86C6-375A-47E4-BE6A-3A24A63E4A3F}.Release|x86.ActiveCfg = Release|Any CPU
		{FC2A86C6-375A-47E4-BE6A-3A24A63E4A3F}.Release|x86.Build.0 = Release|Any CPU
		{FC2A86C6-375A-47E4-BE6A-3A24A63E4A3F}.Release|x86.Deploy.0 = Release|Any CPU
	EndGlobalSection
	GlobalSection(SolutionProperties) = preSolution
		HideSolutionNode = FALSE
	EndGlobalSection
	GlobalSection(ExtensibilityGlobals) = postSolution
		SolutionGuid = {A442048F-9F3C-4753-9122-2A4067646B25}
	EndGlobalSection
EndGlobal
